{
  "name": "substrate-devhub-utils",
  "version": "0.0.0",
  "lockfileVersion": 1,
  "requires": true,
  "dependencies": {
    "git-last-commit": {
      "version": "1.0.0",
      "resolved": "https://registry.npmjs.org/git-last-commit/-/git-last-commit-1.0.0.tgz",
      "integrity": "sha512-wpnmsd2dW1MnoencljcWO/06VUealfMaY40ZjK5t3v9ljL+bKCMbNaTn/YzwIh4pDo2hk5QcN+pLzUJ8aWB17A=="
    },
    "mkdirp": {
      "version": "1.0.4",
      "resolved": "https://registry.npmjs.org/mkdirp/-/mkdirp-1.0.4.tgz",
      "integrity": "sha512-vVqVZQyf3WLx2Shd0qJ9xuvqgAyKPLAiqITEtqW0oIUjzo3PePDd6fW9iFz30ef7Ysp/oiWqbhszeGWW2T6Gzw=="
    }
  }
}
